
Microsoft Visual Studio Solution File, Format Version 12.00
# Visual Studio Version 16
VisualStudioVersion = 16.0.29009.5
MinimumVisualStudioVersion = 10.0.40219.1
Project("{FAE04EC0-301F-11D3-BF4B-00C04F79EFBC}") = "OOP_CA1_20", "OOP_CA1_20\OOP_CA1_20.csproj", "{5B0F1A82-1D5B-4157-BDE3-9906F193800C}"
EndProject
Global
	GlobalSection(SolutionConfigurationPlatforms) = preSolution
		Debug|Any CPU = Debug|Any CPU
		Release|Any CPU = Release|Any CPU
	EndGlobalSection
	GlobalSection(ProjectConfigurationPlatforms) = postSolution
		{5B0F1A82-1D5B-4157-BDE3-9906F193800C}.Debug|Any CPU.ActiveCfg = Debug|Any CPU
		{5B0F1A82-1D5B-4157-BDE3-9906F193800C}.Debug|Any CPU.Build.0 = Debug|Any CPU
		{5B0F1A82-1D5B-4157-BDE3-9906F193800C}.Release|Any CPU.ActiveCfg = Release|Any CPU
		{5B0F1A82-1D5B-4157-BDE3-9906F193800C}.Release|Any CPU.Build.0 = Release|Any CPU
	EndGlobalSection
	GlobalSection(SolutionProperties) = preSolution
		HideSolutionNode = FALSE
	EndGlobalSection
	GlobalSection(ExtensibilityGlobals) = postSolution
		SolutionGuid = {64F64B40-09F9-4D0E-8E71-3569AAFD8991}
	EndGlobalSection
EndGlobal
